
Microsoft Visual Studio Solution File, Format Version 12.00
# Visual Studio Version 16
VisualStudioVersion = 16.0.31019.35
MinimumVisualStudioVersion = 10.0.40219.1
Project("{9A19103F-16F7-4668-BE54-9A1E7A4F7556}") = "RabbitMQ.Publisher", "RabbitMQ.Publisher\RabbitMQ.Publisher.csproj", "{BB02BE10-1912-4223-A633-84D9B656FA98}"
EndProject
Project("{9A19103F-16F7-4668-BE54-9A1E7A4F7556}") = "RabbitMQ.Consumer", "RabbitMQ.Consumer\RabbitMQ.Consumer.csproj", "{8BA328AF-0DA6-41B3-8B91-EB9D1BE4423D}"
EndProject
Project("{2150E333-8FDC-42A3-9474-1A3956D46DE8}") = "Libraries", "Libraries", "{B3A368A3-1E06-4265-9B5E-54B7D21D0F75}"
EndProject
Project("{2150E333-8FDC-42A3-9474-1A3956D46DE8}") = "Web", "Web", "{27D3BF8E-A128-4DAB-8DE5-48D33C48321E}"
EndProject
Project("{9A19103F-16F7-4668-BE54-9A1E7A4F7556}") = "WebPublisher", "WebPublisher\WebPublisher.csproj", "{5BE17D14-1AAF-4959-B55D-7AB39FD29946}"
EndProject
Project("{9A19103F-16F7-4668-BE54-9A1E7A4F7556}") = "WebConsumer", "WebConsumer\WebConsumer.csproj", "{4369F94D-8A50-4CE7-8973-A73EA319BD7D}"
EndProject
Project("{2150E333-8FDC-42A3-9474-1A3956D46DE8}") = "NetFiveVersion", "NetFiveVersion", "{0D5A056F-1789-4CCD-ABDA-09C964D2F294}"
EndProject
Project("{2150E333-8FDC-42A3-9474-1A3956D46DE8}") = "HelloWorldApps", "HelloWorldApps", "{F50712F5-E172-481A-9FF7-68751726959E}"
EndProject
Project("{9A19103F-16F7-4668-BE54-9A1E7A4F7556}") = "HelloWorld.Publisher", "HelloWorld.Publisher\HelloWorld.Publisher.csproj", "{F1FB6A3C-8906-4D16-8F4D-D49B6F3F8CF2}"
EndProject
Project("{9A19103F-16F7-4668-BE54-9A1E7A4F7556}") = "HelloWorld.Subscriber", "HelloWorld.Subscriber\HelloWorld.Subscriber.csproj", "{FF16D789-557C-45D2-B771-2A6B57CDC9F7}"
EndProject
Project("{2150E333-8FDC-42A3-9474-1A3956D46DE8}") = "ExchangeTypes", "ExchangeTypes", "{4E2F0B86-CAD3-4434-8538-F93847602868}"
EndProject
Project("{FAE04EC0-301F-11D3-BF4B-00C04F79EFBC}") = "FanoutExchange.Publisher", "FanoutExchange.Publisher\FanoutExchange.Publisher.csproj", "{47A8E326-6645-48EB-858D-A2E906EEDEB3}"
EndProject
Project("{FAE04EC0-301F-11D3-BF4B-00C04F79EFBC}") = "FanoutExchange.Subscriber", "FanoutExchange.Subscriber\FanoutExchange.Subscriber.csproj", "{B7156EE1-D181-46B1-8562-EAB59F26CF55}"
EndProject
Project("{2150E333-8FDC-42A3-9474-1A3956D46DE8}") = "Fanout", "Fanout", "{3CAB6F5E-8D39-4CE7-9909-00242DF2456F}"
EndProject
Project("{2150E333-8FDC-42A3-9474-1A3956D46DE8}") = "Direct", "Direct", "{CEFB4A70-5FC3-4481-86DE-6C0A113938B8}"
EndProject
Project("{FAE04EC0-301F-11D3-BF4B-00C04F79EFBC}") = "DirectExchange.Publisher", "DirectExchange.Publisher\DirectExchange.Publisher.csproj", "{10E3FAED-5B0F-4368-A078-31F27A8E22CE}"
EndProject
Project("{FAE04EC0-301F-11D3-BF4B-00C04F79EFBC}") = "DirectExchange.Subscriber", "DirectExchange.Subscriber\DirectExchange.Subscriber.csproj", "{909651F7-DD5A-42AC-A630-82BCEEDC30AA}"
EndProject
Project("{2150E333-8FDC-42A3-9474-1A3956D46DE8}") = "Topic", "Topic", "{D8C5049D-94BD-458D-A700-6D907703DB05}"
EndProject
Project("{FAE04EC0-301F-11D3-BF4B-00C04F79EFBC}") = "TopicExchange.Publisher", "TopicExchange.Publisher\TopicExchange.Publisher.csproj", "{4719D244-72E9-41A6-80E1-8D2DE90FD3B3}"
EndProject
Project("{FAE04EC0-301F-11D3-BF4B-00C04F79EFBC}") = "TopicExchange.Subscriber", "TopicExchange.Subscriber\TopicExchange.Subscriber.csproj", "{4749EF74-26A9-4A8C-82A1-D599FE935E34}"
EndProject
Global
	GlobalSection(SolutionConfigurationPlatforms) = preSolution
		Debug|Any CPU = Debug|Any CPU
		Release|Any CPU = Release|Any CPU
	EndGlobalSection
	GlobalSection(ProjectConfigurationPlatforms) = postSolution
		{BB02BE10-1912-4223-A633-84D9B656FA98}.Debug|Any CPU.ActiveCfg = Debug|Any CPU
		{BB02BE10-1912-4223-A633-84D9B656FA98}.Debug|Any CPU.Build.0 = Debug|Any CPU
		{BB02BE10-1912-4223-A633-84D9B656FA98}.Release|Any CPU.ActiveCfg = Release|Any CPU
		{BB02BE10-1912-4223-A633-84D9B656FA98}.Release|Any CPU.Build.0 = Release|Any CPU
		{8BA328AF-0DA6-41B3-8B91-EB9D1BE4423D}.Debug|Any CPU.ActiveCfg = Debug|Any CPU
		{8BA328AF-0DA6-41B3-8B91-EB9D1BE4423D}.Debug|Any CPU.Build.0 = Debug|Any CPU
		{8BA328AF-0DA6-41B3-8B91-EB9D1BE4423D}.Release|Any CPU.ActiveCfg = Release|Any CPU
		{8BA328AF-0DA6-41B3-8B91-EB9D1BE4423D}.Release|Any CPU.Build.0 = Release|Any CPU
		{5BE17D14-1AAF-4959-B55D-7AB39FD29946}.Debug|Any CPU.ActiveCfg = Debug|Any CPU
		{5BE17D14-1AAF-4959-B55D-7AB39FD29946}.Debug|Any CPU.Build.0 = Debug|Any CPU
		{5BE17D14-1AAF-4959-B55D-7AB39FD29946}.Release|Any CPU.ActiveCfg = Release|Any CPU
		{5BE17D14-1AAF-4959-B55D-7AB39FD29946}.Release|Any CPU.Build.0 = Release|Any CPU
		{4369F94D-8A50-4CE7-8973-A73EA319BD7D}.Debug|Any CPU.ActiveCfg = Debug|Any CPU
		{4369F94D-8A50-4CE7-8973-A73EA319BD7D}.Debug|Any CPU.Build.0 = Debug|Any CPU
		{4369F94D-8A50-4CE7-8973-A73EA319BD7D}.Release|Any CPU.ActiveCfg = Release|Any CPU
		{4369F94D-8A50-4CE7-8973-A73EA319BD7D}.Release|Any CPU.Build.0 = Release|Any CPU
		{F1FB6A3C-8906-4D16-8F4D-D49B6F3F8CF2}.Debug|Any CPU.ActiveCfg = Debug|Any CPU
		{F1FB6A3C-8906-4D16-8F4D-D49B6F3F8CF2}.Debug|Any CPU.Build.0 = Debug|Any CPU
		{F1FB6A3C-8906-4D16-8F4D-D49B6F3F8CF2}.Release|Any CPU.ActiveCfg = Release|Any CPU
		{F1FB6A3C-8906-4D16-8F4D-D49B6F3F8CF2}.Release|Any CPU.Build.0 = Release|Any CPU
		{FF16D789-557C-45D2-B771-2A6B57CDC9F7}.Debug|Any CPU.ActiveCfg = Debug|Any CPU
		{FF16D789-557C-45D2-B771-2A6B57CDC9F7}.Debug|Any CPU.Build.0 = Debug|Any CPU
		{FF16D789-557C-45D2-B771-2A6B57CDC9F7}.Release|Any CPU.ActiveCfg = Release|Any CPU
		{FF16D789-557C-45D2-B771-2A6B57CDC9F7}.Release|Any CPU.Build.0 = Release|Any CPU
		{47A8E326-6645-48EB-858D-A2E906EEDEB3}.Debug|Any CPU.ActiveCfg = Debug|Any CPU
		{47A8E326-6645-48EB-858D-A2E906EEDEB3}.Debug|Any CPU.Build.0 = Debug|Any CPU
		{47A8E326-6645-48EB-858D-A2E906EEDEB3}.Release|Any CPU.ActiveCfg = Release|Any CPU
		{47A8E326-6645-48EB-858D-A2E906EEDEB3}.Release|Any CPU.Build.0 = Release|Any CPU
		{B7156EE1-D181-46B1-8562-EAB59F26CF55}.Debug|Any CPU.ActiveCfg = Debug|Any CPU
		{B7156EE1-D181-46B1-8562-EAB59F26CF55}.Debug|Any CPU.Build.0 = Debug|Any CPU
		{B7156EE1-D181-46B1-8562-EAB59F26CF55}.Release|Any CPU.ActiveCfg = Release|Any CPU
		{B7156EE1-D181-46B1-8562-EAB59F26CF55}.Release|Any CPU.Build.0 = Release|Any CPU
		{10E3FAED-5B0F-4368-A078-31F27A8E22CE}.Debug|Any CPU.ActiveCfg = Debug|Any CPU
		{10E3FAED-5B0F-4368-A078-31F27A8E22CE}.Debug|Any CPU.Build.0 = Debug|Any CPU
		{10E3FAED-5B0F-4368-A078-31F27A8E22CE}.Release|Any CPU.ActiveCfg = Release|Any CPU
		{10E3FAED-5B0F-4368-A078-31F27A8E22CE}.Release|Any CPU.Build.0 = Release|Any CPU
		{909651F7-DD5A-42AC-A630-82BCEEDC30AA}.Debug|Any CPU.ActiveCfg = Debug|Any CPU
		{909651F7-DD5A-42AC-A630-82BCEEDC30AA}.Debug|Any CPU.Build.0 = Debug|Any CPU
		{909651F7-DD5A-42AC-A630-82BCEEDC30AA}.Release|Any CPU.ActiveCfg = Release|Any CPU
		{909651F7-DD5A-42AC-A630-82BCEEDC30AA}.Release|Any CPU.Build.0 = Release|Any CPU
		{4719D244-72E9-41A6-80E1-8D2DE90FD3B3}.Debug|Any CPU.ActiveCfg = Debug|Any CPU
		{4719D244-72E9-41A6-80E1-8D2DE90FD3B3}.Debug|Any CPU.Build.0 = Debug|Any CPU
		{4719D244-72E9-41A6-80E1-8D2DE90FD3B3}.Release|Any CPU.ActiveCfg = Release|Any CPU
		{4719D244-72E9-41A6-80E1-8D2DE90FD3B3}.Release|Any CPU.Build.0 = Release|Any CPU
		{4749EF74-26A9-4A8C-82A1-D599FE935E34}.Debug|Any CPU.ActiveCfg = Debug|Any CPU
		{4749EF74-26A9-4A8C-82A1-D599FE935E34}.Debug|Any CPU.Build.0 = Debug|Any CPU
		{4749EF74-26A9-4A8C-82A1-D599FE935E34}.Release|Any CPU.ActiveCfg = Release|Any CPU
		{4749EF74-26A9-4A8C-82A1-D599FE935E34}.Release|Any CPU.Build.0 = Release|Any CPU
	EndGlobalSection
	GlobalSection(SolutionProperties) = preSolution
		HideSolutionNode = FALSE
	EndGlobalSection
	GlobalSection(NestedProjects) = preSolution
		{BB02BE10-1912-4223-A633-84D9B656FA98} = {B3A368A3-1E06-4265-9B5E-54B7D21D0F75}
		{8BA328AF-0DA6-41B3-8B91-EB9D1BE4423D} = {B3A368A3-1E06-4265-9B5E-54B7D21D0F75}
		{5BE17D14-1AAF-4959-B55D-7AB39FD29946} = {27D3BF8E-A128-4DAB-8DE5-48D33C48321E}
		{4369F94D-8A50-4CE7-8973-A73EA319BD7D} = {27D3BF8E-A128-4DAB-8DE5-48D33C48321E}
		{F50712F5-E172-481A-9FF7-68751726959E} = {0D5A056F-1789-4CCD-ABDA-09C964D2F294}
		{F1FB6A3C-8906-4D16-8F4D-D49B6F3F8CF2} = {F50712F5-E172-481A-9FF7-68751726959E}
		{FF16D789-557C-45D2-B771-2A6B57CDC9F7} = {F50712F5-E172-481A-9FF7-68751726959E}
		{4E2F0B86-CAD3-4434-8538-F93847602868} = {0D5A056F-1789-4CCD-ABDA-09C964D2F294}
		{47A8E326-6645-48EB-858D-A2E906EEDEB3} = {3CAB6F5E-8D39-4CE7-9909-00242DF2456F}
		{B7156EE1-D181-46B1-8562-EAB59F26CF55} = {3CAB6F5E-8D39-4CE7-9909-00242DF2456F}
		{3CAB6F5E-8D39-4CE7-9909-00242DF2456F} = {4E2F0B86-CAD3-4434-8538-F93847602868}
		{CEFB4A70-5FC3-4481-86DE-6C0A113938B8} = {4E2F0B86-CAD3-4434-8538-F93847602868}
		{10E3FAED-5B0F-4368-A078-31F27A8E22CE} = {CEFB4A70-5FC3-4481-86DE-6C0A113938B8}
		{909651F7-DD5A-42AC-A630-82BCEEDC30AA} = {CEFB4A70-5FC3-4481-86DE-6C0A113938B8}
		{D8C5049D-94BD-458D-A700-6D907703DB05} = {4E2F0B86-CAD3-4434-8538-F93847602868}
		{4719D244-72E9-41A6-80E1-8D2DE90FD3B3} = {D8C5049D-94BD-458D-A700-6D907703DB05}
		{4749EF74-26A9-4A8C-82A1-D599FE935E34} = {D8C5049D-94BD-458D-A700-6D907703DB05}
	EndGlobalSection
	GlobalSection(ExtensibilityGlobals) = postSolution
		SolutionGuid = {AF452A42-344B-4D5E-B499-4F3B1CA52C94}
	EndGlobalSection
EndGlobal
