
Microsoft Visual Studio Solution File, Format Version 12.00
# Visual Studio Version 16
VisualStudioVersion = 16.0.31019.35
MinimumVisualStudioVersion = 10.0.40219.1
Project("{9A19103F-16F7-4668-BE54-9A1E7A4F7556}") = "RabbitMQ.Publisher", "RabbitMQ.Publisher\RabbitMQ.Publisher.csproj", "{BB02BE10-1912-4223-A633-84D9B656FA98}"
EndProject
Project("{9A19103F-16F7-4668-BE54-9A1E7A4F7556}") = "RabbitMQ.Consumer", "RabbitMQ.Consumer\RabbitMQ.Consumer.csproj", "{8BA328AF-0DA6-41B3-8B91-EB9D1BE4423D}"
EndProject
Project("{2150E333-8FDC-42A3-9474-1A3956D46DE8}") = "Libraries", "Libraries", "{B3A368A3-1E06-4265-9B5E-54B7D21D0F75}"
EndProject
Project("{2150E333-8FDC-42A3-9474-1A3956D46DE8}") = "Web", "Web", "{27D3BF8E-A128-4DAB-8DE5-48D33C48321E}"
EndProject
Global
	GlobalSection(SolutionConfigurationPlatforms) = preSolution
		Debug|Any CPU = Debug|Any CPU
		Release|Any CPU = Release|Any CPU
	EndGlobalSection
	GlobalSection(ProjectConfigurationPlatforms) = postSolution
		{BB02BE10-1912-4223-A633-84D9B656FA98}.Debug|Any CPU.ActiveCfg = Debug|Any CPU
		{BB02BE10-1912-4223-A633-84D9B656FA98}.Debug|Any CPU.Build.0 = Debug|Any CPU
		{BB02BE10-1912-4223-A633-84D9B656FA98}.Release|Any CPU.ActiveCfg = Release|Any CPU
		{BB02BE10-1912-4223-A633-84D9B656FA98}.Release|Any CPU.Build.0 = Release|Any CPU
		{8BA328AF-0DA6-41B3-8B91-EB9D1BE4423D}.Debug|Any CPU.ActiveCfg = Debug|Any CPU
		{8BA328AF-0DA6-41B3-8B91-EB9D1BE4423D}.Debug|Any CPU.Build.0 = Debug|Any CPU
		{8BA328AF-0DA6-41B3-8B91-EB9D1BE4423D}.Release|Any CPU.ActiveCfg = Release|Any CPU
		{8BA328AF-0DA6-41B3-8B91-EB9D1BE4423D}.Release|Any CPU.Build.0 = Release|Any CPU
	EndGlobalSection
	GlobalSection(SolutionProperties) = preSolution
		HideSolutionNode = FALSE
	EndGlobalSection
	GlobalSection(NestedProjects) = preSolution
		{BB02BE10-1912-4223-A633-84D9B656FA98} = {B3A368A3-1E06-4265-9B5E-54B7D21D0F75}
		{8BA328AF-0DA6-41B3-8B91-EB9D1BE4423D} = {B3A368A3-1E06-4265-9B5E-54B7D21D0F75}
	EndGlobalSection
	GlobalSection(ExtensibilityGlobals) = postSolution
		SolutionGuid = {AF452A42-344B-4D5E-B499-4F3B1CA52C94}
	EndGlobalSection
EndGlobal
